// !$*UTF8*$!
{
	archiveVersion = 1;
	classes = {
	};
	objectVersion = 52;
	objects = {

/* Begin PBXBuildFile section */
		EF8F9FF42569143500653D86 /* ComposableArchitecture in Frameworks */ = {isa = PBXBuildFile; productRef = EF8F9FF32569143500653D86 /* ComposableArchitecture */; };
		EF8F9FF92569143F00653D86 /* ComposableArchitecture in Frameworks */ = {isa = PBXBuildFile; productRef = EF8F9FF82569143F00653D86 /* ComposableArchitecture */; };
		EF8F9FFE2569149200653D86 /* AppCore.swift in Sources */ = {isa = PBXBuildFile; fileRef = EF8F9FFD2569149200653D86 /* AppCore.swift */; };
		EF8F9FFF2569149200653D86 /* AppCore.swift in Sources */ = {isa = PBXBuildFile; fileRef = EF8F9FFD2569149200653D86 /* AppCore.swift */; };
		EF8FA00C2569182F00653D86 /* .swiftlint.yml in Resources */ = {isa = PBXBuildFile; fileRef = EF8FA00B2569182F00653D86 /* .swiftlint.yml */; };
		EF8FA00D2569182F00653D86 /* .swiftlint.yml in Resources */ = {isa = PBXBuildFile; fileRef = EF8FA00B2569182F00653D86 /* .swiftlint.yml */; };
		EF8FA016256919F600653D86 /* Extension+View.swift in Sources */ = {isa = PBXBuildFile; fileRef = EF8FA015256919F600653D86 /* Extension+View.swift */; };
		EF8FA017256919F600653D86 /* Extension+View.swift in Sources */ = {isa = PBXBuildFile; fileRef = EF8FA015256919F600653D86 /* Extension+View.swift */; };
		EF8FA02825691C4A00653D86 /* KeychainItemAccessibility.swift in Sources */ = {isa = PBXBuildFile; fileRef = EF8FA02725691C4A00653D86 /* KeychainItemAccessibility.swift */; };
		EF8FA02925691C4A00653D86 /* KeychainItemAccessibility.swift in Sources */ = {isa = PBXBuildFile; fileRef = EF8FA02725691C4A00653D86 /* KeychainItemAccessibility.swift */; };
		EF8FA02D25691C6E00653D86 /* KeychainWrapper.swift in Sources */ = {isa = PBXBuildFile; fileRef = EF8FA02C25691C6E00653D86 /* KeychainWrapper.swift */; };
		EF8FA02E25691C6E00653D86 /* KeychainWrapper.swift in Sources */ = {isa = PBXBuildFile; fileRef = EF8FA02C25691C6E00653D86 /* KeychainWrapper.swift */; };
		EF97AE392567B5A70083F8F7 /* QMiteApp.swift in Sources */ = {isa = PBXBuildFile; fileRef = EF97AE262567B5A70083F8F7 /* QMiteApp.swift */; };
		EF97AE3A2567B5A70083F8F7 /* QMiteApp.swift in Sources */ = {isa = PBXBuildFile; fileRef = EF97AE262567B5A70083F8F7 /* QMiteApp.swift */; };
		EF97AE3B2567B5A70083F8F7 /* ContentView.swift in Sources */ = {isa = PBXBuildFile; fileRef = EF97AE272567B5A70083F8F7 /* ContentView.swift */; };
		EF97AE3C2567B5A70083F8F7 /* ContentView.swift in Sources */ = {isa = PBXBuildFile; fileRef = EF97AE272567B5A70083F8F7 /* ContentView.swift */; };
		EF97AE3D2567B5A70083F8F7 /* Assets.xcassets in Resources */ = {isa = PBXBuildFile; fileRef = EF97AE282567B5A70083F8F7 /* Assets.xcassets */; };
		EF97AE3E2567B5A70083F8F7 /* Assets.xcassets in Resources */ = {isa = PBXBuildFile; fileRef = EF97AE282567B5A70083F8F7 /* Assets.xcassets */; };
		EF97AE4B2567BA340083F8F7 /* TabBar.swift in Sources */ = {isa = PBXBuildFile; fileRef = EF97AE4A2567BA340083F8F7 /* TabBar.swift */; };
		EF97AE512567BA440083F8F7 /* SideBar.swift in Sources */ = {isa = PBXBuildFile; fileRef = EF97AE502567BA440083F8F7 /* SideBar.swift */; };
		EF97AE552567BAA20083F8F7 /* NavigationItem.swift in Sources */ = {isa = PBXBuildFile; fileRef = EF97AE542567BAA20083F8F7 /* NavigationItem.swift */; };
		EF97AE562567BAA20083F8F7 /* NavigationItem.swift in Sources */ = {isa = PBXBuildFile; fileRef = EF97AE542567BAA20083F8F7 /* NavigationItem.swift */; };
		EFCCBE6E25681E54009790DF /* SideBar.swift in Sources */ = {isa = PBXBuildFile; fileRef = EF97AE502567BA440083F8F7 /* SideBar.swift */; };
		EFCCBE742568221B009790DF /* RecordTimeView.swift in Sources */ = {isa = PBXBuildFile; fileRef = EFCCBE732568221B009790DF /* RecordTimeView.swift */; };
		EFCCBE752568221B009790DF /* RecordTimeView.swift in Sources */ = {isa = PBXBuildFile; fileRef = EFCCBE732568221B009790DF /* RecordTimeView.swift */; };
/* End PBXBuildFile section */

/* Begin PBXFileReference section */
		EF8F9FFD2569149200653D86 /* AppCore.swift */ = {isa = PBXFileReference; lastKnownFileType = sourcecode.swift; path = AppCore.swift; sourceTree = "<group>"; };
		EF8FA00B2569182F00653D86 /* .swiftlint.yml */ = {isa = PBXFileReference; lastKnownFileType = text.yaml; path = .swiftlint.yml; sourceTree = "<group>"; };
		EF8FA015256919F600653D86 /* Extension+View.swift */ = {isa = PBXFileReference; lastKnownFileType = sourcecode.swift; path = "Extension+View.swift"; sourceTree = "<group>"; };
		EF8FA02725691C4A00653D86 /* KeychainItemAccessibility.swift */ = {isa = PBXFileReference; lastKnownFileType = sourcecode.swift; path = KeychainItemAccessibility.swift; sourceTree = "<group>"; };
		EF8FA02C25691C6E00653D86 /* KeychainWrapper.swift */ = {isa = PBXFileReference; lastKnownFileType = sourcecode.swift; path = KeychainWrapper.swift; sourceTree = "<group>"; };
		EF97AE262567B5A70083F8F7 /* QMiteApp.swift */ = {isa = PBXFileReference; lastKnownFileType = sourcecode.swift; path = QMiteApp.swift; sourceTree = "<group>"; };
		EF97AE272567B5A70083F8F7 /* ContentView.swift */ = {isa = PBXFileReference; lastKnownFileType = sourcecode.swift; path = ContentView.swift; sourceTree = "<group>"; };
		EF97AE282567B5A70083F8F7 /* Assets.xcassets */ = {isa = PBXFileReference; lastKnownFileType = folder.assetcatalog; path = Assets.xcassets; sourceTree = "<group>"; };
		EF97AE2D2567B5A70083F8F7 /* QMite.app */ = {isa = PBXFileReference; explicitFileType = wrapper.application; includeInIndex = 0; path = QMite.app; sourceTree = BUILT_PRODUCTS_DIR; };
		EF97AE302567B5A70083F8F7 /* Info.plist */ = {isa = PBXFileReference; lastKnownFileType = text.plist.xml; path = Info.plist; sourceTree = "<group>"; };
		EF97AE352567B5A70083F8F7 /* QMite.app */ = {isa = PBXFileReference; explicitFileType = wrapper.application; includeInIndex = 0; path = QMite.app; sourceTree = BUILT_PRODUCTS_DIR; };
		EF97AE372567B5A70083F8F7 /* Info.plist */ = {isa = PBXFileReference; lastKnownFileType = text.plist.xml; path = Info.plist; sourceTree = "<group>"; };
		EF97AE382567B5A70083F8F7 /* macOS.entitlements */ = {isa = PBXFileReference; lastKnownFileType = text.plist.entitlements; path = macOS.entitlements; sourceTree = "<group>"; };
		EF97AE4A2567BA340083F8F7 /* TabBar.swift */ = {isa = PBXFileReference; lastKnownFileType = sourcecode.swift; path = TabBar.swift; sourceTree = "<group>"; };
		EF97AE502567BA440083F8F7 /* SideBar.swift */ = {isa = PBXFileReference; lastKnownFileType = sourcecode.swift; path = SideBar.swift; sourceTree = "<group>"; };
		EF97AE542567BAA20083F8F7 /* NavigationItem.swift */ = {isa = PBXFileReference; lastKnownFileType = sourcecode.swift; path = NavigationItem.swift; sourceTree = "<group>"; };
		EFCCBE732568221B009790DF /* RecordTimeView.swift */ = {isa = PBXFileReference; lastKnownFileType = sourcecode.swift; path = RecordTimeView.swift; sourceTree = "<group>"; };
/* End PBXFileReference section */

/* Begin PBXFrameworksBuildPhase section */
		EF97AE2A2567B5A70083F8F7 /* Frameworks */ = {
			isa = PBXFrameworksBuildPhase;
			buildActionMask = 2147483647;
			files = (
				EF8F9FF42569143500653D86 /* ComposableArchitecture in Frameworks */,
			);
			runOnlyForDeploymentPostprocessing = 0;
		};
		EF97AE322567B5A70083F8F7 /* Frameworks */ = {
			isa = PBXFrameworksBuildPhase;
			buildActionMask = 2147483647;
			files = (
				EF8F9FF92569143F00653D86 /* ComposableArchitecture in Frameworks */,
			);
			runOnlyForDeploymentPostprocessing = 0;
		};
/* End PBXFrameworksBuildPhase section */

/* Begin PBXGroup section */
		EF8F9FF72569143F00653D86 /* Frameworks */ = {
			isa = PBXGroup;
			children = (
			);
			name = Frameworks;
			sourceTree = "<group>";
		};
		EF8F9FFC2569146200653D86 /* AppCore */ = {
			isa = PBXGroup;
			children = (
				EF8F9FFD2569149200653D86 /* AppCore.swift */,
			);
			name = AppCore;
			sourceTree = "<group>";
		};
		EF8FA014256919E300653D86 /* Extensions */ = {
			isa = PBXGroup;
			children = (
				EF8FA015256919F600653D86 /* Extension+View.swift */,
			);
			path = Extensions;
			sourceTree = "<group>";
		};
		EF8FA01C25691ADD00653D86 /* Clients */ = {
			isa = PBXGroup;
			children = (
			);
			path = Clients;
			sourceTree = "<group>";
		};
		EF8FA02425691BFE00653D86 /* Keychain */ = {
			isa = PBXGroup;
			children = (
				EF8FA02725691C4A00653D86 /* KeychainItemAccessibility.swift */,
				EF8FA02C25691C6E00653D86 /* KeychainWrapper.swift */,
			);
			path = Keychain;
			sourceTree = "<group>";
		};
		EF97AE202567B5A70083F8F7 = {
			isa = PBXGroup;
			children = (
				EF8FA00B2569182F00653D86 /* .swiftlint.yml */,
				EF97AE252567B5A70083F8F7 /* Shared */,
				EF97AE2F2567B5A70083F8F7 /* iOS */,
				EF97AE362567B5A70083F8F7 /* macOS */,
				EF97AE2E2567B5A70083F8F7 /* Products */,
				EF8F9FF72569143F00653D86 /* Frameworks */,
			);
			sourceTree = "<group>";
		};
		EF97AE252567B5A70083F8F7 /* Shared */ = {
			isa = PBXGroup;
			children = (
				EF8FA02425691BFE00653D86 /* Keychain */,
				EF8FA01C25691ADD00653D86 /* Clients */,
				EF8F9FFC2569146200653D86 /* AppCore */,
				EF97AE262567B5A70083F8F7 /* QMiteApp.swift */,
				EF97AE272567B5A70083F8F7 /* ContentView.swift */,
				EF97AE492567BA000083F8F7 /* Navigation */,
				EFCCBE72256821DC009790DF /* RecordTime */,
				EF8FA014256919E300653D86 /* Extensions */,
				EF97AE282567B5A70083F8F7 /* Assets.xcassets */,
			);
			path = Shared;
			sourceTree = "<group>";
		};
		EF97AE2E2567B5A70083F8F7 /* Products */ = {
			isa = PBXGroup;
			children = (
				EF97AE2D2567B5A70083F8F7 /* QMite.app */,
				EF97AE352567B5A70083F8F7 /* QMite.app */,
			);
			name = Products;
			sourceTree = "<group>";
		};
		EF97AE2F2567B5A70083F8F7 /* iOS */ = {
			isa = PBXGroup;
			children = (
				EF97AE302567B5A70083F8F7 /* Info.plist */,
			);
			path = iOS;
			sourceTree = "<group>";
		};
		EF97AE362567B5A70083F8F7 /* macOS */ = {
			isa = PBXGroup;
			children = (
				EF97AE372567B5A70083F8F7 /* Info.plist */,
				EF97AE382567B5A70083F8F7 /* macOS.entitlements */,
			);
			path = macOS;
			sourceTree = "<group>";
		};
		EF97AE492567BA000083F8F7 /* Navigation */ = {
			isa = PBXGroup;
			children = (
				EF97AE4A2567BA340083F8F7 /* TabBar.swift */,
				EF97AE502567BA440083F8F7 /* SideBar.swift */,
				EF97AE542567BAA20083F8F7 /* NavigationItem.swift */,
			);
			path = Navigation;
			sourceTree = "<group>";
		};
		EFCCBE72256821DC009790DF /* RecordTime */ = {
			isa = PBXGroup;
			children = (
				EFCCBE732568221B009790DF /* RecordTimeView.swift */,
			);
			path = RecordTime;
			sourceTree = "<group>";
		};
/* End PBXGroup section */

/* Begin PBXNativeTarget section */
		EF97AE2C2567B5A70083F8F7 /* QMite (iOS) */ = {
			isa = PBXNativeTarget;
			buildConfigurationList = EF97AE412567B5A70083F8F7 /* Build configuration list for PBXNativeTarget "QMite (iOS)" */;
			buildPhases = (
				EF8FA0102569188600653D86 /* SwiftLint */,
				EF97AE292567B5A70083F8F7 /* Sources */,
				EF97AE2A2567B5A70083F8F7 /* Frameworks */,
				EF97AE2B2567B5A70083F8F7 /* Resources */,
			);
			buildRules = (
			);
			dependencies = (
			);
			name = "QMite (iOS)";
			packageProductDependencies = (
				EF8F9FF32569143500653D86 /* ComposableArchitecture */,
			);
			productName = "QMite (iOS)";
			productReference = EF97AE2D2567B5A70083F8F7 /* QMite.app */;
			productType = "com.apple.product-type.application";
		};
		EF97AE342567B5A70083F8F7 /* QMite (macOS) */ = {
			isa = PBXNativeTarget;
			buildConfigurationList = EF97AE442567B5A70083F8F7 /* Build configuration list for PBXNativeTarget "QMite (macOS)" */;
			buildPhases = (
				EF8FA011256918A900653D86 /* SwiftLint */,
				EF97AE312567B5A70083F8F7 /* Sources */,
				EF97AE322567B5A70083F8F7 /* Frameworks */,
				EF97AE332567B5A70083F8F7 /* Resources */,
			);
			buildRules = (
			);
			dependencies = (
			);
			name = "QMite (macOS)";
			packageProductDependencies = (
				EF8F9FF82569143F00653D86 /* ComposableArchitecture */,
			);
			productName = "QMite (macOS)";
			productReference = EF97AE352567B5A70083F8F7 /* QMite.app */;
			productType = "com.apple.product-type.application";
		};
/* End PBXNativeTarget section */

/* Begin PBXProject section */
		EF97AE212567B5A70083F8F7 /* Project object */ = {
			isa = PBXProject;
			attributes = {
				LastSwiftUpdateCheck = 1220;
				LastUpgradeCheck = 1220;
				TargetAttributes = {
					EF97AE2C2567B5A70083F8F7 = {
						CreatedOnToolsVersion = 12.2;
					};
					EF97AE342567B5A70083F8F7 = {
						CreatedOnToolsVersion = 12.2;
					};
				};
			};
			buildConfigurationList = EF97AE242567B5A70083F8F7 /* Build configuration list for PBXProject "QMite" */;
			compatibilityVersion = "Xcode 9.3";
			developmentRegion = en;
			hasScannedForEncodings = 0;
			knownRegions = (
				en,
				Base,
			);
			mainGroup = EF97AE202567B5A70083F8F7;
			packageReferences = (
				EF8F9FF22569143500653D86 /* XCRemoteSwiftPackageReference "swift-composable-architecture" */,
			);
			productRefGroup = EF97AE2E2567B5A70083F8F7 /* Products */;
			projectDirPath = "";
			projectRoot = "";
			targets = (
				EF97AE2C2567B5A70083F8F7 /* QMite (iOS) */,
				EF97AE342567B5A70083F8F7 /* QMite (macOS) */,
			);
		};
/* End PBXProject section */

/* Begin PBXResourcesBuildPhase section */
		EF97AE2B2567B5A70083F8F7 /* Resources */ = {
			isa = PBXResourcesBuildPhase;
			buildActionMask = 2147483647;
			files = (
				EF8FA00C2569182F00653D86 /* .swiftlint.yml in Resources */,
				EF97AE3D2567B5A70083F8F7 /* Assets.xcassets in Resources */,
			);
			runOnlyForDeploymentPostprocessing = 0;
		};
		EF97AE332567B5A70083F8F7 /* Resources */ = {
			isa = PBXResourcesBuildPhase;
			buildActionMask = 2147483647;
			files = (
				EF8FA00D2569182F00653D86 /* .swiftlint.yml in Resources */,
				EF97AE3E2567B5A70083F8F7 /* Assets.xcassets in Resources */,
			);
			runOnlyForDeploymentPostprocessing = 0;
		};
/* End PBXResourcesBuildPhase section */

/* Begin PBXShellScriptBuildPhase section */
		EF8FA0102569188600653D86 /* SwiftLint */ = {
			isa = PBXShellScriptBuildPhase;
			buildActionMask = 2147483647;
			files = (
			);
			inputFileListPaths = (
			);
			inputPaths = (
			);
			name = SwiftLint;
			outputFileListPaths = (
			);
			outputPaths = (
			);
			runOnlyForDeploymentPostprocessing = 0;
			shellPath = /bin/sh;
			shellScript = "if which swiftlint >/dev/null; then\n  swiftlint autocorrect\n  swiftlint\nelse\n  echo \"warning: SwiftLint not installed, download from https://github.com/realm/SwiftLint\"\nfi\n";
		};
		EF8FA011256918A900653D86 /* SwiftLint */ = {
			isa = PBXShellScriptBuildPhase;
			buildActionMask = 2147483647;
			files = (
			);
			inputFileListPaths = (
			);
			inputPaths = (
			);
			name = SwiftLint;
			outputFileListPaths = (
			);
			outputPaths = (
			);
			runOnlyForDeploymentPostprocessing = 0;
			shellPath = /bin/sh;
			shellScript = "if which swiftlint >/dev/null; then\n  swiftlint autocorrect\n  swiftlint\nelse\n  echo \"warning: SwiftLint not installed, download from https://github.com/realm/SwiftLint\"\nfi\n";
		};
/* End PBXShellScriptBuildPhase section */

/* Begin PBXSourcesBuildPhase section */
		EF97AE292567B5A70083F8F7 /* Sources */ = {
			isa = PBXSourcesBuildPhase;
			buildActionMask = 2147483647;
			files = (
				EFCCBE742568221B009790DF /* RecordTimeView.swift in Sources */,
				EFCCBE6E25681E54009790DF /* SideBar.swift in Sources */,
				EF8FA016256919F600653D86 /* Extension+View.swift in Sources */,
				EF8FA02D25691C6E00653D86 /* KeychainWrapper.swift in Sources */,
				EF8FA02825691C4A00653D86 /* KeychainItemAccessibility.swift in Sources */,
				EF97AE4B2567BA340083F8F7 /* TabBar.swift in Sources */,
				EF97AE3B2567B5A70083F8F7 /* ContentView.swift in Sources */,
				EF8F9FFE2569149200653D86 /* AppCore.swift in Sources */,
				EF97AE552567BAA20083F8F7 /* NavigationItem.swift in Sources */,
				EF97AE392567B5A70083F8F7 /* QMiteApp.swift in Sources */,
			);
			runOnlyForDeploymentPostprocessing = 0;
		};
		EF97AE312567B5A70083F8F7 /* Sources */ = {
			isa = PBXSourcesBuildPhase;
			buildActionMask = 2147483647;
			files = (
				EF8F9FFF2569149200653D86 /* AppCore.swift in Sources */,
				EF97AE3C2567B5A70083F8F7 /* ContentView.swift in Sources */,
				EF97AE512567BA440083F8F7 /* SideBar.swift in Sources */,
				EF8FA017256919F600653D86 /* Extension+View.swift in Sources */,
				EF8FA02925691C4A00653D86 /* KeychainItemAccessibility.swift in Sources */,
				EF97AE562567BAA20083F8F7 /* NavigationItem.swift in Sources */,
				EFCCBE752568221B009790DF /* RecordTimeView.swift in Sources */,
				EF97AE3A2567B5A70083F8F7 /* QMiteApp.swift in Sources */,
				EF8FA02E25691C6E00653D86 /* KeychainWrapper.swift in Sources */,
			);
			runOnlyForDeploymentPostprocessing = 0;
		};
/* End PBXSourcesBuildPhase section */

/* Begin XCBuildConfiguration section */
		EF97AE3F2567B5A70083F8F7 /* Debug */ = {
			isa = XCBuildConfiguration;
			buildSettings = {
				ALWAYS_SEARCH_USER_PATHS = NO;
				CLANG_ANALYZER_NONNULL = YES;
				CLANG_ANALYZER_NUMBER_OBJECT_CONVERSION = YES_AGGRESSIVE;
				CLANG_CXX_LANGUAGE_STANDARD = "gnu++14";
				CLANG_CXX_LIBRARY = "libc++";
				CLANG_ENABLE_MODULES = YES;
				CLANG_ENABLE_OBJC_ARC = YES;
				CLANG_ENABLE_OBJC_WEAK = YES;
				CLANG_WARN_BLOCK_CAPTURE_AUTORELEASING = YES;
				CLANG_WARN_BOOL_CONVERSION = YES;
				CLANG_WARN_COMMA = YES;
				CLANG_WARN_CONSTANT_CONVERSION = YES;
				CLANG_WARN_DEPRECATED_OBJC_IMPLEMENTATIONS = YES;
				CLANG_WARN_DIRECT_OBJC_ISA_USAGE = YES_ERROR;
				CLANG_WARN_DOCUMENTATION_COMMENTS = YES;
				CLANG_WARN_EMPTY_BODY = YES;
				CLANG_WARN_ENUM_CONVERSION = YES;
				CLANG_WARN_INFINITE_RECURSION = YES;
				CLANG_WARN_INT_CONVERSION = YES;
				CLANG_WARN_NON_LITERAL_NULL_CONVERSION = YES;
				CLANG_WARN_OBJC_IMPLICIT_RETAIN_SELF = YES;
				CLANG_WARN_OBJC_LITERAL_CONVERSION = YES;
				CLANG_WARN_OBJC_ROOT_CLASS = YES_ERROR;
				CLANG_WARN_QUOTED_INCLUDE_IN_FRAMEWORK_HEADER = YES;
				CLANG_WARN_RANGE_LOOP_ANALYSIS = YES;
				CLANG_WARN_STRICT_PROTOTYPES = YES;
				CLANG_WARN_SUSPICIOUS_MOVE = YES;
				CLANG_WARN_UNGUARDED_AVAILABILITY = YES_AGGRESSIVE;
				CLANG_WARN_UNREACHABLE_CODE = YES;
				CLANG_WARN__DUPLICATE_METHOD_MATCH = YES;
				COPY_PHASE_STRIP = NO;
				DEBUG_INFORMATION_FORMAT = dwarf;
				ENABLE_STRICT_OBJC_MSGSEND = YES;
				ENABLE_TESTABILITY = YES;
				GCC_C_LANGUAGE_STANDARD = gnu11;
				GCC_DYNAMIC_NO_PIC = NO;
				GCC_NO_COMMON_BLOCKS = YES;
				GCC_OPTIMIZATION_LEVEL = 0;
				GCC_PREPROCESSOR_DEFINITIONS = (
					"DEBUG=1",
					"$(inherited)",
				);
				GCC_WARN_64_TO_32_BIT_CONVERSION = YES;
				GCC_WARN_ABOUT_RETURN_TYPE = YES_ERROR;
				GCC_WARN_UNDECLARED_SELECTOR = YES;
				GCC_WARN_UNINITIALIZED_AUTOS = YES_AGGRESSIVE;
				GCC_WARN_UNUSED_FUNCTION = YES;
				GCC_WARN_UNUSED_VARIABLE = YES;
				MTL_ENABLE_DEBUG_INFO = INCLUDE_SOURCE;
				MTL_FAST_MATH = YES;
				ONLY_ACTIVE_ARCH = YES;
				SWIFT_ACTIVE_COMPILATION_CONDITIONS = DEBUG;
				SWIFT_OPTIMIZATION_LEVEL = "-Onone";
			};
			name = Debug;
		};
		EF97AE402567B5A70083F8F7 /* Release */ = {
			isa = XCBuildConfiguration;
			buildSettings = {
				ALWAYS_SEARCH_USER_PATHS = NO;
				CLANG_ANALYZER_NONNULL = YES;
				CLANG_ANALYZER_NUMBER_OBJECT_CONVERSION = YES_AGGRESSIVE;
				CLANG_CXX_LANGUAGE_STANDARD = "gnu++14";
				CLANG_CXX_LIBRARY = "libc++";
				CLANG_ENABLE_MODULES = YES;
				CLANG_ENABLE_OBJC_ARC = YES;
				CLANG_ENABLE_OBJC_WEAK = YES;
				CLANG_WARN_BLOCK_CAPTURE_AUTORELEASING = YES;
				CLANG_WARN_BOOL_CONVERSION = YES;
				CLANG_WARN_COMMA = YES;
				CLANG_WARN_CONSTANT_CONVERSION = YES;
				CLANG_WARN_DEPRECATED_OBJC_IMPLEMENTATIONS = YES;
				CLANG_WARN_DIRECT_OBJC_ISA_USAGE = YES_ERROR;
				CLANG_WARN_DOCUMENTATION_COMMENTS = YES;
				CLANG_WARN_EMPTY_BODY = YES;
				CLANG_WARN_ENUM_CONVERSION = YES;
				CLANG_WARN_INFINITE_RECURSION = YES;
				CLANG_WARN_INT_CONVERSION = YES;
				CLANG_WARN_NON_LITERAL_NULL_CONVERSION = YES;
				CLANG_WARN_OBJC_IMPLICIT_RETAIN_SELF = YES;
				CLANG_WARN_OBJC_LITERAL_CONVERSION = YES;
				CLANG_WARN_OBJC_ROOT_CLASS = YES_ERROR;
				CLANG_WARN_QUOTED_INCLUDE_IN_FRAMEWORK_HEADER = YES;
				CLANG_WARN_RANGE_LOOP_ANALYSIS = YES;
				CLANG_WARN_STRICT_PROTOTYPES = YES;
				CLANG_WARN_SUSPICIOUS_MOVE = YES;
				CLANG_WARN_UNGUARDED_AVAILABILITY = YES_AGGRESSIVE;
				CLANG_WARN_UNREACHABLE_CODE = YES;
				CLANG_WARN__DUPLICATE_METHOD_MATCH = YES;
				COPY_PHASE_STRIP = NO;
				DEBUG_INFORMATION_FORMAT = "dwarf-with-dsym";
				ENABLE_NS_ASSERTIONS = NO;
				ENABLE_STRICT_OBJC_MSGSEND = YES;
				GCC_C_LANGUAGE_STANDARD = gnu11;
				GCC_NO_COMMON_BLOCKS = YES;
				GCC_WARN_64_TO_32_BIT_CONVERSION = YES;
				GCC_WARN_ABOUT_RETURN_TYPE = YES_ERROR;
				GCC_WARN_UNDECLARED_SELECTOR = YES;
				GCC_WARN_UNINITIALIZED_AUTOS = YES_AGGRESSIVE;
				GCC_WARN_UNUSED_FUNCTION = YES;
				GCC_WARN_UNUSED_VARIABLE = YES;
				MTL_ENABLE_DEBUG_INFO = NO;
				MTL_FAST_MATH = YES;
				SWIFT_COMPILATION_MODE = wholemodule;
				SWIFT_OPTIMIZATION_LEVEL = "-O";
			};
			name = Release;
		};
		EF97AE422567B5A70083F8F7 /* Debug */ = {
			isa = XCBuildConfiguration;
			buildSettings = {
				ASSETCATALOG_COMPILER_APPICON_NAME = AppIcon;
				ASSETCATALOG_COMPILER_GLOBAL_ACCENT_COLOR_NAME = AccentColor;
				CODE_SIGN_STYLE = Automatic;
				DEVELOPMENT_TEAM = QN825Q7875;
				ENABLE_PREVIEWS = YES;
				INFOPLIST_FILE = iOS/Info.plist;
				IPHONEOS_DEPLOYMENT_TARGET = 14.0;
				LD_RUNPATH_SEARCH_PATHS = (
					"$(inherited)",
					"@executable_path/Frameworks",
				);
				PRODUCT_BUNDLE_IDENTIFIER = "de.quartett-mobile.QMite";
				PRODUCT_NAME = QMite;
				SDKROOT = iphoneos;
				SWIFT_VERSION = 5.0;
				TARGETED_DEVICE_FAMILY = "1,2";
			};
			name = Debug;
		};
		EF97AE432567B5A70083F8F7 /* Release */ = {
			isa = XCBuildConfiguration;
			buildSettings = {
				ASSETCATALOG_COMPILER_APPICON_NAME = AppIcon;
				ASSETCATALOG_COMPILER_GLOBAL_ACCENT_COLOR_NAME = AccentColor;
				CODE_SIGN_STYLE = Automatic;
				DEVELOPMENT_TEAM = QN825Q7875;
				ENABLE_PREVIEWS = YES;
				INFOPLIST_FILE = iOS/Info.plist;
				IPHONEOS_DEPLOYMENT_TARGET = 14.0;
				LD_RUNPATH_SEARCH_PATHS = (
					"$(inherited)",
					"@executable_path/Frameworks",
				);
				PRODUCT_BUNDLE_IDENTIFIER = "de.quartett-mobile.QMite";
				PRODUCT_NAME = QMite;
				SDKROOT = iphoneos;
				SWIFT_VERSION = 5.0;
				TARGETED_DEVICE_FAMILY = "1,2";
				VALIDATE_PRODUCT = YES;
			};
			name = Release;
		};
		EF97AE452567B5A70083F8F7 /* Debug */ = {
			isa = XCBuildConfiguration;
			buildSettings = {
				ASSETCATALOG_COMPILER_APPICON_NAME = AppIcon;
				ASSETCATALOG_COMPILER_GLOBAL_ACCENT_COLOR_NAME = AccentColor;
				CODE_SIGN_ENTITLEMENTS = macOS/macOS.entitlements;
				CODE_SIGN_STYLE = Automatic;
				COMBINE_HIDPI_IMAGES = YES;
				DEVELOPMENT_TEAM = QN825Q7875;
				ENABLE_HARDENED_RUNTIME = YES;
				ENABLE_PREVIEWS = YES;
				INFOPLIST_FILE = macOS/Info.plist;
				LD_RUNPATH_SEARCH_PATHS = (
					"$(inherited)",
					"@executable_path/../Frameworks",
				);
				MACOSX_DEPLOYMENT_TARGET = 11.0;
				PRODUCT_BUNDLE_IDENTIFIER = "de.quartett-mobile.QMite";
				PRODUCT_NAME = QMite;
				SDKROOT = macosx;
				SWIFT_VERSION = 5.0;
			};
			name = Debug;
		};
		EF97AE462567B5A70083F8F7 /* Release */ = {
			isa = XCBuildConfiguration;
			buildSettings = {
				ASSETCATALOG_COMPILER_APPICON_NAME = AppIcon;
				ASSETCATALOG_COMPILER_GLOBAL_ACCENT_COLOR_NAME = AccentColor;
				CODE_SIGN_ENTITLEMENTS = macOS/macOS.entitlements;
				CODE_SIGN_STYLE = Automatic;
				COMBINE_HIDPI_IMAGES = YES;
				DEVELOPMENT_TEAM = QN825Q7875;
				ENABLE_HARDENED_RUNTIME = YES;
				ENABLE_PREVIEWS = YES;
				INFOPLIST_FILE = macOS/Info.plist;
				LD_RUNPATH_SEARCH_PATHS = (
					"$(inherited)",
					"@executable_path/../Frameworks",
				);
				MACOSX_DEPLOYMENT_TARGET = 11.0;
				PRODUCT_BUNDLE_IDENTIFIER = "de.quartett-mobile.QMite";
				PRODUCT_NAME = QMite;
				SDKROOT = macosx;
				SWIFT_VERSION = 5.0;
			};
			name = Release;
		};
/* End XCBuildConfiguration section */

/* Begin XCConfigurationList section */
		EF97AE242567B5A70083F8F7 /* Build configuration list for PBXProject "QMite" */ = {
			isa = XCConfigurationList;
			buildConfigurations = (
				EF97AE3F2567B5A70083F8F7 /* Debug */,
				EF97AE402567B5A70083F8F7 /* Release */,
			);
			defaultConfigurationIsVisible = 0;
			defaultConfigurationName = Release;
		};
		EF97AE412567B5A70083F8F7 /* Build configuration list for PBXNativeTarget "QMite (iOS)" */ = {
			isa = XCConfigurationList;
			buildConfigurations = (
				EF97AE422567B5A70083F8F7 /* Debug */,
				EF97AE432567B5A70083F8F7 /* Release */,
			);
			defaultConfigurationIsVisible = 0;
			defaultConfigurationName = Release;
		};
		EF97AE442567B5A70083F8F7 /* Build configuration list for PBXNativeTarget "QMite (macOS)" */ = {
			isa = XCConfigurationList;
			buildConfigurations = (
				EF97AE452567B5A70083F8F7 /* Debug */,
				EF97AE462567B5A70083F8F7 /* Release */,
			);
			defaultConfigurationIsVisible = 0;
			defaultConfigurationName = Release;
		};
/* End XCConfigurationList section */

/* Begin XCRemoteSwiftPackageReference section */
		EF8F9FF22569143500653D86 /* XCRemoteSwiftPackageReference "swift-composable-architecture" */ = {
			isa = XCRemoteSwiftPackageReference;
			repositoryURL = "https://github.com/pointfreeco/swift-composable-architecture.git";
			requirement = {
				kind = upToNextMajorVersion;
				minimumVersion = 0.9.0;
			};
		};
/* End XCRemoteSwiftPackageReference section */

/* Begin XCSwiftPackageProductDependency section */
		EF8F9FF32569143500653D86 /* ComposableArchitecture */ = {
			isa = XCSwiftPackageProductDependency;
			package = EF8F9FF22569143500653D86 /* XCRemoteSwiftPackageReference "swift-composable-architecture" */;
			productName = ComposableArchitecture;
		};
		EF8F9FF82569143F00653D86 /* ComposableArchitecture */ = {
			isa = XCSwiftPackageProductDependency;
			package = EF8F9FF22569143500653D86 /* XCRemoteSwiftPackageReference "swift-composable-architecture" */;
			productName = ComposableArchitecture;
		};
/* End XCSwiftPackageProductDependency section */
	};
	rootObject = EF97AE212567B5A70083F8F7 /* Project object */;
}
